// !$*UTF8*$!
{
	archiveVersion = 1;
	classes = {
	};
	objectVersion = 55;
	objects = {

/* Begin PBXBuildFile section */
		79704134288482F000178B48 /* MarvelService.swift in Sources */ = {isa = PBXBuildFile; fileRef = 79704133288482F000178B48 /* MarvelService.swift */; };
		797041362884839200178B48 /* MarvelService+Config.swift in Sources */ = {isa = PBXBuildFile; fileRef = 797041352884839200178B48 /* MarvelService+Config.swift */; };
		797041392884858D00178B48 /* MarvelService+Models.swift in Sources */ = {isa = PBXBuildFile; fileRef = 797041382884858D00178B48 /* MarvelService+Models.swift */; };
		79E4036A287CC956001E207F /* SwiftUI_Sample_MarvelApp.swift in Sources */ = {isa = PBXBuildFile; fileRef = 79E40369287CC956001E207F /* SwiftUI_Sample_MarvelApp.swift */; };
		79E4036C287CC956001E207F /* ContentView.swift in Sources */ = {isa = PBXBuildFile; fileRef = 79E4036B287CC956001E207F /* ContentView.swift */; };
		79E4036E287CC957001E207F /* Assets.xcassets in Resources */ = {isa = PBXBuildFile; fileRef = 79E4036D287CC957001E207F /* Assets.xcassets */; };
		79E40371287CC957001E207F /* Preview Assets.xcassets in Resources */ = {isa = PBXBuildFile; fileRef = 79E40370287CC957001E207F /* Preview Assets.xcassets */; };
		79E4037B287CC957001E207F /* SwiftUI_Sample_MarvelTests.swift in Sources */ = {isa = PBXBuildFile; fileRef = 79E4037A287CC957001E207F /* SwiftUI_Sample_MarvelTests.swift */; };
		79E40385287CC957001E207F /* SwiftUI_Sample_MarvelUITests.swift in Sources */ = {isa = PBXBuildFile; fileRef = 79E40384287CC957001E207F /* SwiftUI_Sample_MarvelUITests.swift */; };
		79E40387287CC957001E207F /* SwiftUI_Sample_MarvelUITestsLaunchTests.swift in Sources */ = {isa = PBXBuildFile; fileRef = 79E40386287CC957001E207F /* SwiftUI_Sample_MarvelUITestsLaunchTests.swift */; };
/* End PBXBuildFile section */

/* Begin PBXContainerItemProxy section */
		79E40377287CC957001E207F /* PBXContainerItemProxy */ = {
			isa = PBXContainerItemProxy;
			containerPortal = 79E4035E287CC956001E207F /* Project object */;
			proxyType = 1;
			remoteGlobalIDString = 79E40365287CC956001E207F;
			remoteInfo = "SwiftUI-Sample-Marvel";
		};
		79E40381287CC957001E207F /* PBXContainerItemProxy */ = {
			isa = PBXContainerItemProxy;
			containerPortal = 79E4035E287CC956001E207F /* Project object */;
			proxyType = 1;
			remoteGlobalIDString = 79E40365287CC956001E207F;
			remoteInfo = "SwiftUI-Sample-Marvel";
		};
/* End PBXContainerItemProxy section */

/* Begin PBXFileReference section */
		79704133288482F000178B48 /* MarvelService.swift */ = {isa = PBXFileReference; lastKnownFileType = sourcecode.swift; path = MarvelService.swift; sourceTree = "<group>"; };
		797041352884839200178B48 /* MarvelService+Config.swift */ = {isa = PBXFileReference; lastKnownFileType = sourcecode.swift; path = "MarvelService+Config.swift"; sourceTree = "<group>"; };
		797041382884858D00178B48 /* MarvelService+Models.swift */ = {isa = PBXFileReference; lastKnownFileType = sourcecode.swift; path = "MarvelService+Models.swift"; sourceTree = "<group>"; };
		79E40366287CC956001E207F /* SwiftUI-Sample-Marvel.app */ = {isa = PBXFileReference; explicitFileType = wrapper.application; includeInIndex = 0; path = "SwiftUI-Sample-Marvel.app"; sourceTree = BUILT_PRODUCTS_DIR; };
		79E40369287CC956001E207F /* SwiftUI_Sample_MarvelApp.swift */ = {isa = PBXFileReference; lastKnownFileType = sourcecode.swift; path = SwiftUI_Sample_MarvelApp.swift; sourceTree = "<group>"; };
		79E4036B287CC956001E207F /* ContentView.swift */ = {isa = PBXFileReference; lastKnownFileType = sourcecode.swift; path = ContentView.swift; sourceTree = "<group>"; };
		79E4036D287CC957001E207F /* Assets.xcassets */ = {isa = PBXFileReference; lastKnownFileType = folder.assetcatalog; path = Assets.xcassets; sourceTree = "<group>"; };
		79E40370287CC957001E207F /* Preview Assets.xcassets */ = {isa = PBXFileReference; lastKnownFileType = folder.assetcatalog; path = "Preview Assets.xcassets"; sourceTree = "<group>"; };
		79E40376287CC957001E207F /* SwiftUI-Sample-MarvelTests.xctest */ = {isa = PBXFileReference; explicitFileType = wrapper.cfbundle; includeInIndex = 0; path = "SwiftUI-Sample-MarvelTests.xctest"; sourceTree = BUILT_PRODUCTS_DIR; };
		79E4037A287CC957001E207F /* SwiftUI_Sample_MarvelTests.swift */ = {isa = PBXFileReference; lastKnownFileType = sourcecode.swift; path = SwiftUI_Sample_MarvelTests.swift; sourceTree = "<group>"; };
		79E40380287CC957001E207F /* SwiftUI-Sample-MarvelUITests.xctest */ = {isa = PBXFileReference; explicitFileType = wrapper.cfbundle; includeInIndex = 0; path = "SwiftUI-Sample-MarvelUITests.xctest"; sourceTree = BUILT_PRODUCTS_DIR; };
		79E40384287CC957001E207F /* SwiftUI_Sample_MarvelUITests.swift */ = {isa = PBXFileReference; lastKnownFileType = sourcecode.swift; path = SwiftUI_Sample_MarvelUITests.swift; sourceTree = "<group>"; };
		79E40386287CC957001E207F /* SwiftUI_Sample_MarvelUITestsLaunchTests.swift */ = {isa = PBXFileReference; lastKnownFileType = sourcecode.swift; path = SwiftUI_Sample_MarvelUITestsLaunchTests.swift; sourceTree = "<group>"; };
/* End PBXFileReference section */

/* Begin PBXFrameworksBuildPhase section */
		79E40363287CC956001E207F /* Frameworks */ = {
			isa = PBXFrameworksBuildPhase;
			buildActionMask = 2147483647;
			files = (
			);
			runOnlyForDeploymentPostprocessing = 0;
		};
		79E40373287CC957001E207F /* Frameworks */ = {
			isa = PBXFrameworksBuildPhase;
			buildActionMask = 2147483647;
			files = (
			);
			runOnlyForDeploymentPostprocessing = 0;
		};
		79E4037D287CC957001E207F /* Frameworks */ = {
			isa = PBXFrameworksBuildPhase;
			buildActionMask = 2147483647;
			files = (
			);
			runOnlyForDeploymentPostprocessing = 0;
		};
/* End PBXFrameworksBuildPhase section */

/* Begin PBXGroup section */
		79704132288482DE00178B48 /* Services */ = {
			isa = PBXGroup;
			children = (
				797041372884855200178B48 /* MarvelService */,
			);
			path = Services;
			sourceTree = "<group>";
		};
		797041372884855200178B48 /* MarvelService */ = {
			isa = PBXGroup;
			children = (
				79704133288482F000178B48 /* MarvelService.swift */,
				797041352884839200178B48 /* MarvelService+Config.swift */,
				797041382884858D00178B48 /* MarvelService+Models.swift */,
			);
			path = MarvelService;
			sourceTree = "<group>";
		};
		79E4035D287CC956001E207F = {
			isa = PBXGroup;
			children = (
				79E40368287CC956001E207F /* SwiftUI-Sample-Marvel */,
				79E40379287CC957001E207F /* SwiftUI-Sample-MarvelTests */,
				79E40383287CC957001E207F /* SwiftUI-Sample-MarvelUITests */,
				79E40367287CC956001E207F /* Products */,
			);
			sourceTree = "<group>";
		};
		79E40367287CC956001E207F /* Products */ = {
			isa = PBXGroup;
			children = (
				79E40366287CC956001E207F /* SwiftUI-Sample-Marvel.app */,
				79E40376287CC957001E207F /* SwiftUI-Sample-MarvelTests.xctest */,
				79E40380287CC957001E207F /* SwiftUI-Sample-MarvelUITests.xctest */,
			);
			name = Products;
			sourceTree = "<group>";
		};
		79E40368287CC956001E207F /* SwiftUI-Sample-Marvel */ = {
			isa = PBXGroup;
			children = (
				79704132288482DE00178B48 /* Services */,
				79E40369287CC956001E207F /* SwiftUI_Sample_MarvelApp.swift */,
				79E4036B287CC956001E207F /* ContentView.swift */,
				79E4036D287CC957001E207F /* Assets.xcassets */,
				79E4036F287CC957001E207F /* Preview Content */,
			);
			path = "SwiftUI-Sample-Marvel";
			sourceTree = "<group>";
		};
		79E4036F287CC957001E207F /* Preview Content */ = {
			isa = PBXGroup;
			children = (
				79E40370287CC957001E207F /* Preview Assets.xcassets */,
			);
			path = "Preview Content";
			sourceTree = "<group>";
		};
		79E40379287CC957001E207F /* SwiftUI-Sample-MarvelTests */ = {
			isa = PBXGroup;
			children = (
				79E4037A287CC957001E207F /* SwiftUI_Sample_MarvelTests.swift */,
			);
			path = "SwiftUI-Sample-MarvelTests";
			sourceTree = "<group>";
		};
		79E40383287CC957001E207F /* SwiftUI-Sample-MarvelUITests */ = {
			isa = PBXGroup;
			children = (
				79E40384287CC957001E207F /* SwiftUI_Sample_MarvelUITests.swift */,
				79E40386287CC957001E207F /* SwiftUI_Sample_MarvelUITestsLaunchTests.swift */,
			);
			path = "SwiftUI-Sample-MarvelUITests";
			sourceTree = "<group>";
		};
/* End PBXGroup section */

/* Begin PBXNativeTarget section */
		79E40365287CC956001E207F /* SwiftUI-Sample-Marvel */ = {
			isa = PBXNativeTarget;
			buildConfigurationList = 79E4038A287CC957001E207F /* Build configuration list for PBXNativeTarget "SwiftUI-Sample-Marvel" */;
			buildPhases = (
				79E40362287CC956001E207F /* Sources */,
				79E40363287CC956001E207F /* Frameworks */,
				79E40364287CC956001E207F /* Resources */,
			);
			buildRules = (
			);
			dependencies = (
			);
			name = "SwiftUI-Sample-Marvel";
			productName = "SwiftUI-Sample-Marvel";
			productReference = 79E40366287CC956001E207F /* SwiftUI-Sample-Marvel.app */;
			productType = "com.apple.product-type.application";
		};
		79E40375287CC957001E207F /* SwiftUI-Sample-MarvelTests */ = {
			isa = PBXNativeTarget;
			buildConfigurationList = 79E4038D287CC957001E207F /* Build configuration list for PBXNativeTarget "SwiftUI-Sample-MarvelTests" */;
			buildPhases = (
				79E40372287CC957001E207F /* Sources */,
				79E40373287CC957001E207F /* Frameworks */,
				79E40374287CC957001E207F /* Resources */,
			);
			buildRules = (
			);
			dependencies = (
				79E40378287CC957001E207F /* PBXTargetDependency */,
			);
			name = "SwiftUI-Sample-MarvelTests";
			productName = "SwiftUI-Sample-MarvelTests";
			productReference = 79E40376287CC957001E207F /* SwiftUI-Sample-MarvelTests.xctest */;
			productType = "com.apple.product-type.bundle.unit-test";
		};
		79E4037F287CC957001E207F /* SwiftUI-Sample-MarvelUITests */ = {
			isa = PBXNativeTarget;
			buildConfigurationList = 79E40390287CC957001E207F /* Build configuration list for PBXNativeTarget "SwiftUI-Sample-MarvelUITests" */;
			buildPhases = (
				79E4037C287CC957001E207F /* Sources */,
				79E4037D287CC957001E207F /* Frameworks */,
				79E4037E287CC957001E207F /* Resources */,
			);
			buildRules = (
			);
			dependencies = (
				79E40382287CC957001E207F /* PBXTargetDependency */,
			);
			name = "SwiftUI-Sample-MarvelUITests";
			productName = "SwiftUI-Sample-MarvelUITests";
			productReference = 79E40380287CC957001E207F /* SwiftUI-Sample-MarvelUITests.xctest */;
			productType = "com.apple.product-type.bundle.ui-testing";
		};
/* End PBXNativeTarget section */

/* Begin PBXProject section */
		79E4035E287CC956001E207F /* Project object */ = {
			isa = PBXProject;
			attributes = {
				BuildIndependentTargetsInParallel = 1;
				LastSwiftUpdateCheck = 1340;
				LastUpgradeCheck = 1340;
				TargetAttributes = {
					79E40365287CC956001E207F = {
						CreatedOnToolsVersion = 13.4.1;
					};
					79E40375287CC957001E207F = {
						CreatedOnToolsVersion = 13.4.1;
						TestTargetID = 79E40365287CC956001E207F;
					};
					79E4037F287CC957001E207F = {
						CreatedOnToolsVersion = 13.4.1;
						TestTargetID = 79E40365287CC956001E207F;
					};
				};
			};
			buildConfigurationList = 79E40361287CC956001E207F /* Build configuration list for PBXProject "SwiftUI-Sample-Marvel" */;
			compatibilityVersion = "Xcode 13.0";
			developmentRegion = en;
			hasScannedForEncodings = 0;
			knownRegions = (
				en,
				Base,
			);
			mainGroup = 79E4035D287CC956001E207F;
			productRefGroup = 79E40367287CC956001E207F /* Products */;
			projectDirPath = "";
			projectRoot = "";
			targets = (
				79E40365287CC956001E207F /* SwiftUI-Sample-Marvel */,
				79E40375287CC957001E207F /* SwiftUI-Sample-MarvelTests */,
				79E4037F287CC957001E207F /* SwiftUI-Sample-MarvelUITests */,
			);
		};
/* End PBXProject section */

/* Begin PBXResourcesBuildPhase section */
		79E40364287CC956001E207F /* Resources */ = {
			isa = PBXResourcesBuildPhase;
			buildActionMask = 2147483647;
			files = (
				79E40371287CC957001E207F /* Preview Assets.xcassets in Resources */,
				79E4036E287CC957001E207F /* Assets.xcassets in Resources */,
			);
			runOnlyForDeploymentPostprocessing = 0;
		};
		79E40374287CC957001E207F /* Resources */ = {
			isa = PBXResourcesBuildPhase;
			buildActionMask = 2147483647;
			files = (
			);
			runOnlyForDeploymentPostprocessing = 0;
		};
		79E4037E287CC957001E207F /* Resources */ = {
			isa = PBXResourcesBuildPhase;
			buildActionMask = 2147483647;
			files = (
			);
			runOnlyForDeploymentPostprocessing = 0;
		};
/* End PBXResourcesBuildPhase section */

/* Begin PBXSourcesBuildPhase section */
		79E40362287CC956001E207F /* Sources */ = {
			isa = PBXSourcesBuildPhase;
			buildActionMask = 2147483647;
			files = (
				79E4036C287CC956001E207F /* ContentView.swift in Sources */,
				79704134288482F000178B48 /* MarvelService.swift in Sources */,
				797041362884839200178B48 /* MarvelService+Config.swift in Sources */,
				79E4036A287CC956001E207F /* SwiftUI_Sample_MarvelApp.swift in Sources */,
				797041392884858D00178B48 /* MarvelService+Models.swift in Sources */,
			);
			runOnlyForDeploymentPostprocessing = 0;
		};
		79E40372287CC957001E207F /* Sources */ = {
			isa = PBXSourcesBuildPhase;
			buildActionMask = 2147483647;
			files = (
				79E4037B287CC957001E207F /* SwiftUI_Sample_MarvelTests.swift in Sources */,
			);
			runOnlyForDeploymentPostprocessing = 0;
		};
		79E4037C287CC957001E207F /* Sources */ = {
			isa = PBXSourcesBuildPhase;
			buildActionMask = 2147483647;
			files = (
				79E40385287CC957001E207F /* SwiftUI_Sample_MarvelUITests.swift in Sources */,
				79E40387287CC957001E207F /* SwiftUI_Sample_MarvelUITestsLaunchTests.swift in Sources */,
			);
			runOnlyForDeploymentPostprocessing = 0;
		};
/* End PBXSourcesBuildPhase section */

/* Begin PBXTargetDependency section */
		79E40378287CC957001E207F /* PBXTargetDependency */ = {
			isa = PBXTargetDependency;
			target = 79E40365287CC956001E207F /* SwiftUI-Sample-Marvel */;
			targetProxy = 79E40377287CC957001E207F /* PBXContainerItemProxy */;
		};
		79E40382287CC957001E207F /* PBXTargetDependency */ = {
			isa = PBXTargetDependency;
			target = 79E40365287CC956001E207F /* SwiftUI-Sample-Marvel */;
			targetProxy = 79E40381287CC957001E207F /* PBXContainerItemProxy */;
		};
/* End PBXTargetDependency section */

/* Begin XCBuildConfiguration section */
		79E40388287CC957001E207F /* Debug */ = {
			isa = XCBuildConfiguration;
			buildSettings = {
				ALWAYS_SEARCH_USER_PATHS = NO;
				CLANG_ANALYZER_NONNULL = YES;
				CLANG_ANALYZER_NUMBER_OBJECT_CONVERSION = YES_AGGRESSIVE;
				CLANG_CXX_LANGUAGE_STANDARD = "gnu++17";
				CLANG_ENABLE_MODULES = YES;
				CLANG_ENABLE_OBJC_ARC = YES;
				CLANG_ENABLE_OBJC_WEAK = YES;
				CLANG_WARN_BLOCK_CAPTURE_AUTORELEASING = YES;
				CLANG_WARN_BOOL_CONVERSION = YES;
				CLANG_WARN_COMMA = YES;
				CLANG_WARN_CONSTANT_CONVERSION = YES;
				CLANG_WARN_DEPRECATED_OBJC_IMPLEMENTATIONS = YES;
				CLANG_WARN_DIRECT_OBJC_ISA_USAGE = YES_ERROR;
				CLANG_WARN_DOCUMENTATION_COMMENTS = YES;
				CLANG_WARN_EMPTY_BODY = YES;
				CLANG_WARN_ENUM_CONVERSION = YES;
				CLANG_WARN_INFINITE_RECURSION = YES;
				CLANG_WARN_INT_CONVERSION = YES;
				CLANG_WARN_NON_LITERAL_NULL_CONVERSION = YES;
				CLANG_WARN_OBJC_IMPLICIT_RETAIN_SELF = YES;
				CLANG_WARN_OBJC_LITERAL_CONVERSION = YES;
				CLANG_WARN_OBJC_ROOT_CLASS = YES_ERROR;
				CLANG_WARN_QUOTED_INCLUDE_IN_FRAMEWORK_HEADER = YES;
				CLANG_WARN_RANGE_LOOP_ANALYSIS = YES;
				CLANG_WARN_STRICT_PROTOTYPES = YES;
				CLANG_WARN_SUSPICIOUS_MOVE = YES;
				CLANG_WARN_UNGUARDED_AVAILABILITY = YES_AGGRESSIVE;
				CLANG_WARN_UNREACHABLE_CODE = YES;
				CLANG_WARN__DUPLICATE_METHOD_MATCH = YES;
				COPY_PHASE_STRIP = NO;
				DEBUG_INFORMATION_FORMAT = dwarf;
				ENABLE_STRICT_OBJC_MSGSEND = YES;
				ENABLE_TESTABILITY = YES;
				GCC_C_LANGUAGE_STANDARD = gnu11;
				GCC_DYNAMIC_NO_PIC = NO;
				GCC_NO_COMMON_BLOCKS = YES;
				GCC_OPTIMIZATION_LEVEL = 0;
				GCC_PREPROCESSOR_DEFINITIONS = (
					"DEBUG=1",
					"$(inherited)",
				);
				GCC_WARN_64_TO_32_BIT_CONVERSION = YES;
				GCC_WARN_ABOUT_RETURN_TYPE = YES_ERROR;
				GCC_WARN_UNDECLARED_SELECTOR = YES;
				GCC_WARN_UNINITIALIZED_AUTOS = YES_AGGRESSIVE;
				GCC_WARN_UNUSED_FUNCTION = YES;
				GCC_WARN_UNUSED_VARIABLE = YES;
				IPHONEOS_DEPLOYMENT_TARGET = 15.5;
				MTL_ENABLE_DEBUG_INFO = INCLUDE_SOURCE;
				MTL_FAST_MATH = YES;
				ONLY_ACTIVE_ARCH = YES;
				SDKROOT = iphoneos;
				SWIFT_ACTIVE_COMPILATION_CONDITIONS = DEBUG;
				SWIFT_OPTIMIZATION_LEVEL = "-Onone";
			};
			name = Debug;
		};
		79E40389287CC957001E207F /* Release */ = {
			isa = XCBuildConfiguration;
			buildSettings = {
				ALWAYS_SEARCH_USER_PATHS = NO;
				CLANG_ANALYZER_NONNULL = YES;
				CLANG_ANALYZER_NUMBER_OBJECT_CONVERSION = YES_AGGRESSIVE;
				CLANG_CXX_LANGUAGE_STANDARD = "gnu++17";
				CLANG_ENABLE_MODULES = YES;
				CLANG_ENABLE_OBJC_ARC = YES;
				CLANG_ENABLE_OBJC_WEAK = YES;
				CLANG_WARN_BLOCK_CAPTURE_AUTORELEASING = YES;
				CLANG_WARN_BOOL_CONVERSION = YES;
				CLANG_WARN_COMMA = YES;
				CLANG_WARN_CONSTANT_CONVERSION = YES;
				CLANG_WARN_DEPRECATED_OBJC_IMPLEMENTATIONS = YES;
				CLANG_WARN_DIRECT_OBJC_ISA_USAGE = YES_ERROR;
				CLANG_WARN_DOCUMENTATION_COMMENTS = YES;
				CLANG_WARN_EMPTY_BODY = YES;
				CLANG_WARN_ENUM_CONVERSION = YES;
				CLANG_WARN_INFINITE_RECURSION = YES;
				CLANG_WARN_INT_CONVERSION = YES;
				CLANG_WARN_NON_LITERAL_NULL_CONVERSION = YES;
				CLANG_WARN_OBJC_IMPLICIT_RETAIN_SELF = YES;
				CLANG_WARN_OBJC_LITERAL_CONVERSION = YES;
				CLANG_WARN_OBJC_ROOT_CLASS = YES_ERROR;
				CLANG_WARN_QUOTED_INCLUDE_IN_FRAMEWORK_HEADER = YES;
				CLANG_WARN_RANGE_LOOP_ANALYSIS = YES;
				CLANG_WARN_STRICT_PROTOTYPES = YES;
				CLANG_WARN_SUSPICIOUS_MOVE = YES;
				CLANG_WARN_UNGUARDED_AVAILABILITY = YES_AGGRESSIVE;
				CLANG_WARN_UNREACHABLE_CODE = YES;
				CLANG_WARN__DUPLICATE_METHOD_MATCH = YES;
				COPY_PHASE_STRIP = NO;
				DEBUG_INFORMATION_FORMAT = "dwarf-with-dsym";
				ENABLE_NS_ASSERTIONS = NO;
				ENABLE_STRICT_OBJC_MSGSEND = YES;
				GCC_C_LANGUAGE_STANDARD = gnu11;
				GCC_NO_COMMON_BLOCKS = YES;
				GCC_WARN_64_TO_32_BIT_CONVERSION = YES;
				GCC_WARN_ABOUT_RETURN_TYPE = YES_ERROR;
				GCC_WARN_UNDECLARED_SELECTOR = YES;
				GCC_WARN_UNINITIALIZED_AUTOS = YES_AGGRESSIVE;
				GCC_WARN_UNUSED_FUNCTION = YES;
				GCC_WARN_UNUSED_VARIABLE = YES;
				IPHONEOS_DEPLOYMENT_TARGET = 15.5;
				MTL_ENABLE_DEBUG_INFO = NO;
				MTL_FAST_MATH = YES;
				SDKROOT = iphoneos;
				SWIFT_COMPILATION_MODE = wholemodule;
				SWIFT_OPTIMIZATION_LEVEL = "-O";
				VALIDATE_PRODUCT = YES;
			};
			name = Release;
		};
		79E4038B287CC957001E207F /* Debug */ = {
			isa = XCBuildConfiguration;
			buildSettings = {
				ASSETCATALOG_COMPILER_APPICON_NAME = AppIcon;
				ASSETCATALOG_COMPILER_GLOBAL_ACCENT_COLOR_NAME = AccentColor;
				CODE_SIGN_STYLE = Automatic;
				CURRENT_PROJECT_VERSION = 1;
				DEVELOPMENT_ASSET_PATHS = "\"SwiftUI-Sample-Marvel/Preview Content\"";
				DEVELOPMENT_TEAM = 483776HNJ4;
				ENABLE_PREVIEWS = YES;
				GENERATE_INFOPLIST_FILE = YES;
				INFOPLIST_KEY_UIApplicationSceneManifest_Generation = YES;
				INFOPLIST_KEY_UIApplicationSupportsIndirectInputEvents = YES;
				INFOPLIST_KEY_UILaunchScreen_Generation = YES;
				INFOPLIST_KEY_UISupportedInterfaceOrientations_iPad = "UIInterfaceOrientationPortrait UIInterfaceOrientationPortraitUpsideDown UIInterfaceOrientationLandscapeLeft UIInterfaceOrientationLandscapeRight";
				INFOPLIST_KEY_UISupportedInterfaceOrientations_iPhone = "UIInterfaceOrientationPortrait UIInterfaceOrientationLandscapeLeft UIInterfaceOrientationLandscapeRight";
				LD_RUNPATH_SEARCH_PATHS = (
					"$(inherited)",
					"@executable_path/Frameworks",
				);
				MARKETING_VERSION = 1.0;
				PRODUCT_BUNDLE_IDENTIFIER = "io.dperry.SwiftUI-Sample-Marvel";
				PRODUCT_NAME = "$(TARGET_NAME)";
				SWIFT_EMIT_LOC_STRINGS = YES;
				SWIFT_VERSION = 5.0;
				TARGETED_DEVICE_FAMILY = "1,2";
			};
			name = Debug;
		};
		79E4038C287CC957001E207F /* Release */ = {
			isa = XCBuildConfiguration;
			buildSettings = {
				ASSETCATALOG_COMPILER_APPICON_NAME = AppIcon;
				ASSETCATALOG_COMPILER_GLOBAL_ACCENT_COLOR_NAME = AccentColor;
				CODE_SIGN_STYLE = Automatic;
				CURRENT_PROJECT_VERSION = 1;
				DEVELOPMENT_ASSET_PATHS = "\"SwiftUI-Sample-Marvel/Preview Content\"";
				DEVELOPMENT_TEAM = 483776HNJ4;
				ENABLE_PREVIEWS = YES;
				GENERATE_INFOPLIST_FILE = YES;
				INFOPLIST_KEY_UIApplicationSceneManifest_Generation = YES;
				INFOPLIST_KEY_UIApplicationSupportsIndirectInputEvents = YES;
				INFOPLIST_KEY_UILaunchScreen_Generation = YES;
				INFOPLIST_KEY_UISupportedInterfaceOrientations_iPad = "UIInterfaceOrientationPortrait UIInterfaceOrientationPortraitUpsideDown UIInterfaceOrientationLandscapeLeft UIInterfaceOrientationLandscapeRight";
				INFOPLIST_KEY_UISupportedInterfaceOrientations_iPhone = "UIInterfaceOrientationPortrait UIInterfaceOrientationLandscapeLeft UIInterfaceOrientationLandscapeRight";
				LD_RUNPATH_SEARCH_PATHS = (
					"$(inherited)",
					"@executable_path/Frameworks",
				);
				MARKETING_VERSION = 1.0;
				PRODUCT_BUNDLE_IDENTIFIER = "io.dperry.SwiftUI-Sample-Marvel";
				PRODUCT_NAME = "$(TARGET_NAME)";
				SWIFT_EMIT_LOC_STRINGS = YES;
				SWIFT_VERSION = 5.0;
				TARGETED_DEVICE_FAMILY = "1,2";
			};
			name = Release;
		};
		79E4038E287CC957001E207F /* Debug */ = {
			isa = XCBuildConfiguration;
			buildSettings = {
				ALWAYS_EMBED_SWIFT_STANDARD_LIBRARIES = YES;
				BUNDLE_LOADER = "$(TEST_HOST)";
				CODE_SIGN_STYLE = Automatic;
				CURRENT_PROJECT_VERSION = 1;
				DEVELOPMENT_TEAM = 483776HNJ4;
				GENERATE_INFOPLIST_FILE = YES;
				IPHONEOS_DEPLOYMENT_TARGET = 15.5;
				MARKETING_VERSION = 1.0;
				PRODUCT_BUNDLE_IDENTIFIER = "io.dperry.SwiftUI-Sample-MarvelTests";
				PRODUCT_NAME = "$(TARGET_NAME)";
				SWIFT_EMIT_LOC_STRINGS = NO;
				SWIFT_VERSION = 5.0;
				TARGETED_DEVICE_FAMILY = "1,2";
				TEST_HOST = "$(BUILT_PRODUCTS_DIR)/SwiftUI-Sample-Marvel.app/SwiftUI-Sample-Marvel";
			};
			name = Debug;
		};
		79E4038F287CC957001E207F /* Release */ = {
			isa = XCBuildConfiguration;
			buildSettings = {
				ALWAYS_EMBED_SWIFT_STANDARD_LIBRARIES = YES;
				BUNDLE_LOADER = "$(TEST_HOST)";
				CODE_SIGN_STYLE = Automatic;
				CURRENT_PROJECT_VERSION = 1;
				DEVELOPMENT_TEAM = 483776HNJ4;
				GENERATE_INFOPLIST_FILE = YES;
				IPHONEOS_DEPLOYMENT_TARGET = 15.5;
				MARKETING_VERSION = 1.0;
				PRODUCT_BUNDLE_IDENTIFIER = "io.dperry.SwiftUI-Sample-MarvelTests";
				PRODUCT_NAME = "$(TARGET_NAME)";
				SWIFT_EMIT_LOC_STRINGS = NO;
				SWIFT_VERSION = 5.0;
				TARGETED_DEVICE_FAMILY = "1,2";
				TEST_HOST = "$(BUILT_PRODUCTS_DIR)/SwiftUI-Sample-Marvel.app/SwiftUI-Sample-Marvel";
			};
			name = Release;
		};
		79E40391287CC957001E207F /* Debug */ = {
			isa = XCBuildConfiguration;
			buildSettings = {
				ALWAYS_EMBED_SWIFT_STANDARD_LIBRARIES = YES;
				CODE_SIGN_STYLE = Automatic;
				CURRENT_PROJECT_VERSION = 1;
				DEVELOPMENT_TEAM = 483776HNJ4;
				GENERATE_INFOPLIST_FILE = YES;
				MARKETING_VERSION = 1.0;
				PRODUCT_BUNDLE_IDENTIFIER = "io.dperry.SwiftUI-Sample-MarvelUITests";
				PRODUCT_NAME = "$(TARGET_NAME)";
				SWIFT_EMIT_LOC_STRINGS = NO;
				SWIFT_VERSION = 5.0;
				TARGETED_DEVICE_FAMILY = "1,2";
				TEST_TARGET_NAME = "SwiftUI-Sample-Marvel";
			};
			name = Debug;
		};
		79E40392287CC957001E207F /* Release */ = {
			isa = XCBuildConfiguration;
			buildSettings = {
				ALWAYS_EMBED_SWIFT_STANDARD_LIBRARIES = YES;
				CODE_SIGN_STYLE = Automatic;
				CURRENT_PROJECT_VERSION = 1;
				DEVELOPMENT_TEAM = 483776HNJ4;
				GENERATE_INFOPLIST_FILE = YES;
				MARKETING_VERSION = 1.0;
				PRODUCT_BUNDLE_IDENTIFIER = "io.dperry.SwiftUI-Sample-MarvelUITests";
				PRODUCT_NAME = "$(TARGET_NAME)";
				SWIFT_EMIT_LOC_STRINGS = NO;
				SWIFT_VERSION = 5.0;
				TARGETED_DEVICE_FAMILY = "1,2";
				TEST_TARGET_NAME = "SwiftUI-Sample-Marvel";
			};
			name = Release;
		};
/* End XCBuildConfiguration section */

/* Begin XCConfigurationList section */
		79E40361287CC956001E207F /* Build configuration list for PBXProject "SwiftUI-Sample-Marvel" */ = {
			isa = XCConfigurationList;
			buildConfigurations = (
				79E40388287CC957001E207F /* Debug */,
				79E40389287CC957001E207F /* Release */,
			);
			defaultConfigurationIsVisible = 0;
			defaultConfigurationName = Release;
		};
		79E4038A287CC957001E207F /* Build configuration list for PBXNativeTarget "SwiftUI-Sample-Marvel" */ = {
			isa = XCConfigurationList;
			buildConfigurations = (
				79E4038B287CC957001E207F /* Debug */,
				79E4038C287CC957001E207F /* Release */,
			);
			defaultConfigurationIsVisible = 0;
			defaultConfigurationName = Release;
		};
		79E4038D287CC957001E207F /* Build configuration list for PBXNativeTarget "SwiftUI-Sample-MarvelTests" */ = {
			isa = XCConfigurationList;
			buildConfigurations = (
				79E4038E287CC957001E207F /* Debug */,
				79E4038F287CC957001E207F /* Release */,
			);
			defaultConfigurationIsVisible = 0;
			defaultConfigurationName = Release;
		};
		79E40390287CC957001E207F /* Build configuration list for PBXNativeTarget "SwiftUI-Sample-MarvelUITests" */ = {
			isa = XCConfigurationList;
			buildConfigurations = (
				79E40391287CC957001E207F /* Debug */,
				79E40392287CC957001E207F /* Release */,
			);
			defaultConfigurationIsVisible = 0;
			defaultConfigurationName = Release;
		};
/* End XCConfigurationList section */
	};
	rootObject = 79E4035E287CC956001E207F /* Project object */;
}
